# THIS IS AN AUTOGENERATED FILE. DO NOT EDIT THIS FILE DIRECTLY.
# yarn lockfile v1


fontsource-titillium-web@^3.0.9:
  version "3.0.9"
  resolved "https://registry.yarnpkg.com/fontsource-titillium-web/-/fontsource-titillium-web-3.0.9.tgz#4a234a421b22ff3dfc803d9e6c4386cb7cd35528"
  integrity sha512-ngloY5smqrgBQqiC77S4uIf8P+eOAqSOoWdQT7+NUbIfbvj6950a7YlGT7fXQY8/JY1+UoYHG703VGc7RGSerA==
